{
  "name": "test-site",
  "lockfileVersion": 2,
  "requires": true,
  "packages": {
    "": {
      "dependencies": {
        "@floating-ui/dom": "^1.2.3"
      }
    },
    "node_modules/@floating-ui/core": {
      "version": "1.2.2",
      "resolved": "https://registry.npmjs.org/@floating-ui/core/-/core-1.2.2.tgz",
      "integrity": "sha512-FaO9KVLFnxknZaGWGmNtjD2CVFuc0u4yeGEofoyXO2wgRA7fLtkngT6UB0vtWQWuhH3iMTZZ/Y89CMeyGfn8pA=="
    },
    "node_modules/@floating-ui/dom": {
      "version": "1.2.3",
      "resolved": "https://registry.npmjs.org/@floating-ui/dom/-/dom-1.2.3.tgz",
      "integrity": "sha512-lK9cZUrHSJLMVAdCvDqs6Ug8gr0wmqksYiaoj/bxj2gweRQkSuhg2/V6Jswz2KiQ0RAULbqw1oQDJIMpQ5GfGA==",
      "dependencies": {
        "@floating-ui/core": "^1.2.2"
      }
    }
  },
  "dependencies": {
    "@floating-ui/core": {
      "version": "1.2.2",
      "resolved": "https://registry.npmjs.org/@floating-ui/core/-/core-1.2.2.tgz",
      "integrity": "sha512-FaO9KVLFnxknZaGWGmNtjD2CVFuc0u4yeGEofoyXO2wgRA7fLtkngT6UB0vtWQWuhH3iMTZZ/Y89CMeyGfn8pA=="
    },
    "@floating-ui/dom": {
      "version": "1.2.3",
      "resolved": "https://registry.npmjs.org/@floating-ui/dom/-/dom-1.2.3.tgz",
      "integrity": "sha512-lK9cZUrHSJLMVAdCvDqs6Ug8gr0wmqksYiaoj/bxj2gweRQkSuhg2/V6Jswz2KiQ0RAULbqw1oQDJIMpQ5GfGA==",
      "requires": {
        "@floating-ui/core": "^1.2.2"
      }
    }
  }
}
